
Microsoft Visual Studio Solution File, Format Version 12.00
# Visual Studio Version 16
VisualStudioVersion = 16.0.32228.343
MinimumVisualStudioVersion = 10.0.40219.1
Project("{9A19103F-16F7-4668-BE54-9A1E7A4F7556}") = "SistemaInventario", "SistemaInventario\SistemaInventario.csproj", "{40E5B642-ADE3-46BF-8014-A1B8841DF348}"
EndProject
Project("{9A19103F-16F7-4668-BE54-9A1E7A4F7556}") = "SistemaInventarioAccesoDatos", "SistemaInventarioAccesoDatos\SistemaInventarioAccesoDatos.csproj", "{56B3CA0F-CFC2-4E85-A3B6-B573C35E915C}"
EndProject
Project("{9A19103F-16F7-4668-BE54-9A1E7A4F7556}") = "SistemaInventario.Modelos", "SistemaInventario.Modelos\SistemaInventario.Modelos.csproj", "{A9F25CDA-E1C7-4FFD-807D-06A63481BBA3}"
EndProject
Project("{9A19103F-16F7-4668-BE54-9A1E7A4F7556}") = "SistemaInventario.Utilidades", "SistemaInventario.Utilidades\SistemaInventario.Utilidades.csproj", "{CC99B64B-F166-4D54-8747-2E92F9DA27A9}"
EndProject
Global
	GlobalSection(SolutionConfigurationPlatforms) = preSolution
		Debug|Any CPU = Debug|Any CPU
		Release|Any CPU = Release|Any CPU
	EndGlobalSection
	GlobalSection(ProjectConfigurationPlatforms) = postSolution
		{40E5B642-ADE3-46BF-8014-A1B8841DF348}.Debug|Any CPU.ActiveCfg = Debug|Any CPU
		{40E5B642-ADE3-46BF-8014-A1B8841DF348}.Debug|Any CPU.Build.0 = Debug|Any CPU
		{40E5B642-ADE3-46BF-8014-A1B8841DF348}.Release|Any CPU.ActiveCfg = Release|Any CPU
		{40E5B642-ADE3-46BF-8014-A1B8841DF348}.Release|Any CPU.Build.0 = Release|Any CPU
		{56B3CA0F-CFC2-4E85-A3B6-B573C35E915C}.Debug|Any CPU.ActiveCfg = Debug|Any CPU
		{56B3CA0F-CFC2-4E85-A3B6-B573C35E915C}.Debug|Any CPU.Build.0 = Debug|Any CPU
		{56B3CA0F-CFC2-4E85-A3B6-B573C35E915C}.Release|Any CPU.ActiveCfg = Release|Any CPU
		{56B3CA0F-CFC2-4E85-A3B6-B573C35E915C}.Release|Any CPU.Build.0 = Release|Any CPU
		{A9F25CDA-E1C7-4FFD-807D-06A63481BBA3}.Debug|Any CPU.ActiveCfg = Debug|Any CPU
		{A9F25CDA-E1C7-4FFD-807D-06A63481BBA3}.Debug|Any CPU.Build.0 = Debug|Any CPU
		{A9F25CDA-E1C7-4FFD-807D-06A63481BBA3}.Release|Any CPU.ActiveCfg = Release|Any CPU
		{A9F25CDA-E1C7-4FFD-807D-06A63481BBA3}.Release|Any CPU.Build.0 = Release|Any CPU
		{CC99B64B-F166-4D54-8747-2E92F9DA27A9}.Debug|Any CPU.ActiveCfg = Debug|Any CPU
		{CC99B64B-F166-4D54-8747-2E92F9DA27A9}.Debug|Any CPU.Build.0 = Debug|Any CPU
		{CC99B64B-F166-4D54-8747-2E92F9DA27A9}.Release|Any CPU.ActiveCfg = Release|Any CPU
		{CC99B64B-F166-4D54-8747-2E92F9DA27A9}.Release|Any CPU.Build.0 = Release|Any CPU
	EndGlobalSection
	GlobalSection(SolutionProperties) = preSolution
		HideSolutionNode = FALSE
	EndGlobalSection
	GlobalSection(ExtensibilityGlobals) = postSolution
		SolutionGuid = {59C80CEC-7E05-4E50-B915-517D82D43860}
	EndGlobalSection
EndGlobal
